{
  "name": "tsconfig.d.ts",
  "lockfileVersion": 2,
  "requires": true,
  "packages": {
    "": {
      "name": "tsconfig.d.ts",
      "license": "MIT",
      "devDependencies": {
        "@types/node": "^18.11.13",
        "clean": "file:tools/clean",
        "go": "file:tools/go",
        "pkg": "file:tools/pkg",
        "typescript": "^4.9.4"
      }
    },
    "node_modules/@types/node": {
      "version": "18.11.13",
      "resolved": "https://registry.npmjs.org/@types/node/-/node-18.11.13.tgz",
      "integrity": "sha512-IASpMGVcWpUsx5xBOrxMj7Bl8lqfuTY7FKAnPmu5cHkfQVWF8GulWS1jbRqA934qZL35xh5xN/+Xe/i26Bod4w==",
      "dev": true
    },
    "node_modules/clean": {
      "resolved": "tools/clean",
      "link": true
    },
    "node_modules/go": {
      "resolved": "tools/go",
      "link": true
    },
    "node_modules/pkg": {
      "resolved": "tools/pkg",
      "link": true
    },
    "node_modules/typescript": {
      "version": "4.9.4",
      "resolved": "https://registry.npmjs.org/typescript/-/typescript-4.9.4.tgz",
      "integrity": "sha512-Uz+dTXYzxXXbsFpM86Wh3dKCxrQqUcVMxwU54orwlJjOpO3ao8L7j5lH+dWfTwgCwIuM9GQ2kvVotzYJMXTBZg==",
      "dev": true,
      "bin": {
        "tsc": "bin/tsc",
        "tsserver": "bin/tsserver"
      },
      "engines": {
        "node": ">=4.2.0"
      }
    },
    "tools/clean": {
      "version": "0.0.1",
      "dev": true,
      "bin": {
        "clean": "bin/clean"
      }
    },
    "tools/go": {
      "version": "0.0.1",
      "dev": true,
      "bin": {
        "go": "bin/go"
      }
    },
    "tools/pkg": {
      "version": "0.0.2",
      "dev": true,
      "bin": {
        "pkg": "bin/pkg"
      }
    }
  },
  "dependencies": {
    "@types/node": {
      "version": "18.11.13",
      "resolved": "https://registry.npmjs.org/@types/node/-/node-18.11.13.tgz",
      "integrity": "sha512-IASpMGVcWpUsx5xBOrxMj7Bl8lqfuTY7FKAnPmu5cHkfQVWF8GulWS1jbRqA934qZL35xh5xN/+Xe/i26Bod4w==",
      "dev": true
    },
    "clean": {
      "version": "file:tools/clean"
    },
    "go": {
      "version": "file:tools/go"
    },
    "pkg": {
      "version": "file:tools/pkg"
    },
    "typescript": {
      "version": "4.9.4",
      "resolved": "https://registry.npmjs.org/typescript/-/typescript-4.9.4.tgz",
      "integrity": "sha512-Uz+dTXYzxXXbsFpM86Wh3dKCxrQqUcVMxwU54orwlJjOpO3ao8L7j5lH+dWfTwgCwIuM9GQ2kvVotzYJMXTBZg==",
      "dev": true
    }
  }
}
