{
  "name": "tsconfig.d.ts",
  "version": "0.0.2",
  "lockfileVersion": 2,
  "requires": true,
  "packages": {
    "": {
      "name": "tsconfig.d.ts",
      "license": "MIT",
      "dependencies": {
        "clean": "file:clean",
        "pkg": "file:pkg",
        "typescript": "^4.9.3",
        "util": "file:util"
      },
      "devDependencies": {
        "@types/node": "^18.11.10"
      }
    },
    "clean": {
      "version": "0.0.1",
      "bin": {
        "clean": "bin/clean"
      }
    },
    "node_modules/@types/node": {
      "version": "18.11.10",
      "resolved": "https://registry.npmjs.org/@types/node/-/node-18.11.10.tgz",
      "integrity": "sha512-juG3RWMBOqcOuXC643OAdSA525V44cVgGV6dUDuiFtss+8Fk5x1hI93Rsld43VeJVIeqlP9I7Fn9/qaVqoEAuQ==",
      "dev": true
    },
    "node_modules/clean": {
      "resolved": "clean",
      "link": true
    },
    "node_modules/pkg": {
      "resolved": "pkg",
      "link": true
    },
    "node_modules/typescript": {
      "version": "4.9.3",
      "resolved": "https://registry.npmjs.org/typescript/-/typescript-4.9.3.tgz",
      "integrity": "sha512-CIfGzTelbKNEnLpLdGFgdyKhG23CKdKgQPOBc+OUNrkJ2vr+KSzsSV5kq5iWhEQbok+quxgGzrAtGWCyU7tHnA==",
      "bin": {
        "tsc": "bin/tsc",
        "tsserver": "bin/tsserver"
      },
      "engines": {
        "node": ">=4.2.0"
      }
    },
    "node_modules/util": {
      "resolved": "util",
      "link": true
    },
    "pkg": {
      "version": "0.0.2",
      "bin": {
        "pkg": "bin/pkg"
      }
    },
    "util": {
      "version": "0.0.1",
      "bin": {
        "util": "bin/util"
      }
    }
  },
  "dependencies": {
    "@types/node": {
      "version": "18.11.10",
      "resolved": "https://registry.npmjs.org/@types/node/-/node-18.11.10.tgz",
      "integrity": "sha512-juG3RWMBOqcOuXC643OAdSA525V44cVgGV6dUDuiFtss+8Fk5x1hI93Rsld43VeJVIeqlP9I7Fn9/qaVqoEAuQ==",
      "dev": true
    },
    "clean": {
      "version": "file:clean"
    },
    "pkg": {
      "version": "file:pkg"
    },
    "typescript": {
      "version": "4.9.3",
      "resolved": "https://registry.npmjs.org/typescript/-/typescript-4.9.3.tgz",
      "integrity": "sha512-CIfGzTelbKNEnLpLdGFgdyKhG23CKdKgQPOBc+OUNrkJ2vr+KSzsSV5kq5iWhEQbok+quxgGzrAtGWCyU7tHnA=="
    },
    "util": {
      "version": "file:util"
    }
  }
}
