{
  "name": "tsconfig.d.ts",
  "lockfileVersion": 2,
  "requires": true,
  "packages": {
    "": {
      "name": "tsconfig.d.ts",
      "license": "MIT",
      "dependencies": {
        "clean": "file:tools/clean",
        "go": "file:tools/go",
        "pkg": "file:tools/pkg",
        "typescript": "^4.9.3"
      },
      "devDependencies": {
        "@types/node": "^18.11.10"
      }
    },
    "node_modules/@types/node": {
      "version": "18.11.10",
      "dev": true,
      "license": "MIT"
    },
    "node_modules/clean": {
      "resolved": "tools/clean",
      "link": true
    },
    "node_modules/go": {
      "resolved": "tools/go",
      "link": true
    },
    "node_modules/pkg": {
      "resolved": "tools/pkg",
      "link": true
    },
    "node_modules/typescript": {
      "version": "4.9.3",
      "license": "Apache-2.0",
      "bin": {
        "tsc": "bin/tsc",
        "tsserver": "bin/tsserver"
      },
      "engines": {
        "node": ">=4.2.0"
      }
    },
    "tools/clean": {
      "version": "0.0.1",
      "bin": {
        "clean": "bin/clean"
      }
    },
    "tools/go": {
      "version": "0.0.1",
      "bin": {
        "go": "bin/go"
      }
    },
    "tools/pkg": {
      "version": "0.0.2",
      "bin": {
        "pkg": "bin/pkg"
      }
    }
  },
  "dependencies": {
    "@types/node": {
      "version": "18.11.10",
      "dev": true
    },
    "clean": {
      "version": "file:tools/clean"
    },
    "go": {
      "version": "file:tools/go"
    },
    "pkg": {
      "version": "file:tools/pkg"
    },
    "typescript": {
      "version": "4.9.3"
    }
  }
}
